# THIS IS AN AUTOGENERATED FILE. DO NOT EDIT THIS FILE DIRECTLY.
# yarn lockfile v1


s-array@^0.4.7:
  version "0.4.9"
  resolved "https://registry.yarnpkg.com/s-array/-/s-array-0.4.9.tgz#e73425c1eaf1eb3e0ab830cfe5ca47927661e3ab"

s-js@^0.4.7:
  version "0.4.7"
  resolved "https://registry.yarnpkg.com/s-js/-/s-js-0.4.7.tgz#985d961e8a9a340c30b9fb66712222b09cb3074b"

typescript@2.4.1:
  version "2.4.1"
  resolved "https://registry.yarnpkg.com/typescript/-/typescript-2.4.1.tgz#c3ccb16ddaa0b2314de031e7e6fee89e5ba346bc"
